
Microsoft Visual Studio Solution File, Format Version 12.00
# Visual Studio Version 17
VisualStudioVersion = 17.12.35707.178 d17.12
MinimumVisualStudioVersion = 10.0.40219.1
Project("{2150E333-8FDC-42A3-9474-1A3956D46DE8}") = "Task1", "Task1", "{A626FF86-DA2E-4243-A0AC-FAC32E8D399E}"
EndProject
Project("{2150E333-8FDC-42A3-9474-1A3956D46DE8}") = "Task2", "Task2", "{D4C3FC8E-FE02-4951-BE1D-7679F35D3BDD}"
EndProject
Project("{2150E333-8FDC-42A3-9474-1A3956D46DE8}") = "Task3", "Task3", "{7F15CC12-B41A-431C-89E9-4FE8CAC979E6}"
EndProject
Project("{2150E333-8FDC-42A3-9474-1A3956D46DE8}") = "Task4", "Task4", "{87CEA19A-B4C3-4A36-BF8E-50A9D47FAB80}"
EndProject
Project("{2150E333-8FDC-42A3-9474-1A3956D46DE8}") = "Task5", "Task5", "{0E99C700-4149-4E2B-87EF-010520D09E1B}"
EndProject
Project("{2150E333-8FDC-42A3-9474-1A3956D46DE8}") = "Task6", "Task6", "{04EA1BA8-5172-458B-85E4-177AD8B224DC}"
EndProject
Project("{2150E333-8FDC-42A3-9474-1A3956D46DE8}") = "Task7", "Task7", "{90A01219-1648-403B-B363-DC787101E5EC}"
EndProject
Project("{2150E333-8FDC-42A3-9474-1A3956D46DE8}") = "Task0", "Task0", "{2C65704D-36A3-470E-9B67-F0C08C0C89AE}"
EndProject
Project("{FAE04EC0-301F-11D3-BF4B-00C04F79EFBC}") = "Tyuiu.GalimovAA.Sprint3.Task0.V17", "Tyuiu.GalimovAA.Sprint3.Task0.V17\Tyuiu.GalimovAA.Sprint3.Task0.V17.csproj", "{6AC9226D-A957-48FB-9A60-51120B05E7BA}"
EndProject
Project("{FAE04EC0-301F-11D3-BF4B-00C04F79EFBC}") = "Tyuiu.GalimovAA.Sprint3.Task0.V17.Lib", "Tyuiu.GalimovAA.Sprint3.Task0.V17.Lib\Tyuiu.GalimovAA.Sprint3.Task0.V17.Lib.csproj", "{26FB5BF6-0C7F-431F-912C-E82F99B76ADF}"
EndProject
Project("{FAE04EC0-301F-11D3-BF4B-00C04F79EFBC}") = "Tyuiu.GalimovAA.Sprint3.Task0.V17.Test", "Tyuiu.GalimovAA.Sprint3.Task0.V17.Test\Tyuiu.GalimovAA.Sprint3.Task0.V17.Test.csproj", "{C382C4B8-5836-4163-9F52-078A02B13304}"
EndProject
Project("{FAE04EC0-301F-11D3-BF4B-00C04F79EFBC}") = "Tyuiu.GalimovAA.Sprint3.Task1.V9", "Tyuiu.GalimovAA.Sprint3.Task1.V9\Tyuiu.GalimovAA.Sprint3.Task1.V9.csproj", "{75E89B4C-E2A1-4A97-807C-9208F8C15B11}"
EndProject
Project("{FAE04EC0-301F-11D3-BF4B-00C04F79EFBC}") = "Tyuiu.GalimovAA.Sprint3.Task1.V9.Lib", "Tyuiu.GalimovAA.Sprint3.Task1.V9.Lib\Tyuiu.GalimovAA.Sprint3.Task1.V9.Lib.csproj", "{A5BC9A91-E4DB-4400-91B2-DB0015014D3C}"
EndProject
Project("{FAE04EC0-301F-11D3-BF4B-00C04F79EFBC}") = "Tyuiu.GalimovAA.Sprint3.Task1.V9.Test", "Tyuiu.GalimovAA.Sprint3.Task1.V9.Test\Tyuiu.GalimovAA.Sprint3.Task1.V9.Test.csproj", "{FACCB106-E4D8-45DB-94DC-A03765BA179E}"
EndProject
Project("{FAE04EC0-301F-11D3-BF4B-00C04F79EFBC}") = "Tyuiu.GalimovAA.Sprint3.Task2.V9", "Tyuiu.GalimovAA.Sprint3.Task2.V9\Tyuiu.GalimovAA.Sprint3.Task2.V9.csproj", "{3366F42A-C1A4-4E2C-A014-9C894128D619}"
EndProject
Project("{FAE04EC0-301F-11D3-BF4B-00C04F79EFBC}") = "Tyuiu.GalimovAA.Sprint3.Task2.V9.Lib", "Tyuiu.GalimovAA.Sprint3.Task2.V9.Lib\Tyuiu.GalimovAA.Sprint3.Task2.V9.Lib.csproj", "{20C1B6D0-169A-48B7-AADD-9195AF4ACDA0}"
EndProject
Project("{FAE04EC0-301F-11D3-BF4B-00C04F79EFBC}") = "Tyuiu.GalimovAA.Sprint3.Task2.V9.Test", "Tyuiu.GalimovAA.Sprint3.Task2.V9.Test\Tyuiu.GalimovAA.Sprint3.Task2.V9.Test.csproj", "{6059F850-42FB-4290-8D70-C802C8A79C6A}"
EndProject
Project("{FAE04EC0-301F-11D3-BF4B-00C04F79EFBC}") = "Tyuiu.GalimovAA.Sprint3.Task3.V29", "Tyuiu.GalimovAA.Sprint3.Task3.V29\Tyuiu.GalimovAA.Sprint3.Task3.V29.csproj", "{68BFC339-7680-40D8-B9CE-08BF24A8A14A}"
EndProject
Project("{FAE04EC0-301F-11D3-BF4B-00C04F79EFBC}") = "Tyuiu.GalimovAA.Sprint3.Task3.V29.Lib", "Tyuiu.GalimovAA.Sprint3.Task3.V29.Lib\Tyuiu.GalimovAA.Sprint3.Task3.V29.Lib.csproj", "{D9DB8BD1-B40A-41BE-97CE-39F773730377}"
EndProject
Project("{FAE04EC0-301F-11D3-BF4B-00C04F79EFBC}") = "Tyuiu.GalimovAA.Sprint3.Task3.V29.Test", "Tyuiu.GalimovAA.Sprint3.Task3.V29.Test\Tyuiu.GalimovAA.Sprint3.Task3.V29.Test.csproj", "{2FAE132F-1B44-4352-AEAD-E25238E4FFE4}"
EndProject
Project("{FAE04EC0-301F-11D3-BF4B-00C04F79EFBC}") = "Tyuiu.GalimovAA.Sprint3.Task4.V28", "Tyuiu.GalimovAA.Sprint3.Task4.V28\Tyuiu.GalimovAA.Sprint3.Task4.V28.csproj", "{3A947BE4-F5A4-4A06-AD72-ECFD2542BEEA}"
EndProject
Project("{FAE04EC0-301F-11D3-BF4B-00C04F79EFBC}") = "Tyuiu.GalimovAA.Sprint3.Task4.V28.Lib", "Tyuiu.GalimovAA.Sprint3.Task4.V28.Lib\Tyuiu.GalimovAA.Sprint3.Task4.V28.Lib.csproj", "{A97E2508-9E62-4A9D-9BB5-8E986C16BA41}"
EndProject
Project("{FAE04EC0-301F-11D3-BF4B-00C04F79EFBC}") = "Tyuiu.GalimovAA.Sprint3.Task4.V28.Test", "Tyuiu.GalimovAA.Sprint3.Task4.V28.Test\Tyuiu.GalimovAA.Sprint3.Task4.V28.Test.csproj", "{FBA5AD26-2C39-45AA-BB9B-90BB38CF745D}"
EndProject
Project("{FAE04EC0-301F-11D3-BF4B-00C04F79EFBC}") = "Tyuiu.GalimovAA.Sprint3.Task5.V15", "Tyuiu.GalimovAA.Sprint3.Task5.V15\Tyuiu.GalimovAA.Sprint3.Task5.V15.csproj", "{7BA49E10-5C56-431C-9349-C7CD68C7D58D}"
EndProject
Project("{FAE04EC0-301F-11D3-BF4B-00C04F79EFBC}") = "Tyuiu.GalimovAA.Sprint3.Task5.V15.Lib", "Tyuiu.GalimovAA.Sprint3.Task5.V15.Lib\Tyuiu.GalimovAA.Sprint3.Task5.V15.Lib.csproj", "{8134787C-8133-4D4F-8CCE-4E1A0D6FFDFB}"
EndProject
Project("{FAE04EC0-301F-11D3-BF4B-00C04F79EFBC}") = "Tyuiu.GalimovAA.Sprint3.Task5.V15.Test", "Tyuiu.GalimovAA.Sprint3.Task5.V15.Test\Tyuiu.GalimovAA.Sprint3.Task5.V15.Test.csproj", "{102BE8A3-62FC-49E6-8614-D78A6F2861CA}"
EndProject
Project("{FAE04EC0-301F-11D3-BF4B-00C04F79EFBC}") = "Tyuiu.GalimovAA.Sprint3.Task6.V30", "Tyuiu.GalimovAA.Sprint3.Task6.V30\Tyuiu.GalimovAA.Sprint3.Task6.V30.csproj", "{C132E7B2-80FE-4C1B-B84D-7C0492593049}"
EndProject
Project("{FAE04EC0-301F-11D3-BF4B-00C04F79EFBC}") = "Tyuiu.GalimovAA.Sprint3.Task6.V30.Lib", "Tyuiu.GalimovAA.Sprint3.Task6.V30.Lib\Tyuiu.GalimovAA.Sprint3.Task6.V30.Lib.csproj", "{BFDCEA0E-DFEF-438D-9811-7BDF34065F67}"
EndProject
Project("{FAE04EC0-301F-11D3-BF4B-00C04F79EFBC}") = "Tyuiu.GalimovAA.Sprint3.Task6.V30.Test", "Tyuiu.GalimovAA.Sprint3.Task6.V30.Test\Tyuiu.GalimovAA.Sprint3.Task6.V30.Test.csproj", "{E2DFCEDD-63B8-4EC8-8054-1DF2AEE67F68}"
EndProject
Project("{FAE04EC0-301F-11D3-BF4B-00C04F79EFBC}") = "Tyuiu.GalimovAA.Sprint3.Task7.V11", "Tyuiu.GalimovAA.Sprint3.Task7.V11\Tyuiu.GalimovAA.Sprint3.Task7.V11.csproj", "{3EDF454D-34D8-4DF7-92F2-B3B45439855A}"
EndProject
Project("{FAE04EC0-301F-11D3-BF4B-00C04F79EFBC}") = "Tyuiu.GalimovAA.Sprint3.Task7.V11.Lib", "Tyuiu.GalimovAA.Sprint3.Task7.V11.Lib\Tyuiu.GalimovAA.Sprint3.Task7.V11.Lib.csproj", "{61432872-718F-4AD0-9623-63103E0B4BA8}"
EndProject
Project("{FAE04EC0-301F-11D3-BF4B-00C04F79EFBC}") = "Tyuiu.GalimovAA.Sprint3.Task7.V11.Test", "Tyuiu.GalimovAA.Sprint3.Task7.V11.Test\Tyuiu.GalimovAA.Sprint3.Task7.V11.Test.csproj", "{BC84F455-A1E8-4008-B2D3-02FBD0B0DB76}"
EndProject
Global
	GlobalSection(SolutionConfigurationPlatforms) = preSolution
		Debug|Any CPU = Debug|Any CPU
		Release|Any CPU = Release|Any CPU
	EndGlobalSection
	GlobalSection(ProjectConfigurationPlatforms) = postSolution
		{6AC9226D-A957-48FB-9A60-51120B05E7BA}.Debug|Any CPU.ActiveCfg = Debug|Any CPU
		{6AC9226D-A957-48FB-9A60-51120B05E7BA}.Debug|Any CPU.Build.0 = Debug|Any CPU
		{6AC9226D-A957-48FB-9A60-51120B05E7BA}.Release|Any CPU.ActiveCfg = Release|Any CPU
		{6AC9226D-A957-48FB-9A60-51120B05E7BA}.Release|Any CPU.Build.0 = Release|Any CPU
		{26FB5BF6-0C7F-431F-912C-E82F99B76ADF}.Debug|Any CPU.ActiveCfg = Debug|Any CPU
		{26FB5BF6-0C7F-431F-912C-E82F99B76ADF}.Debug|Any CPU.Build.0 = Debug|Any CPU
		{26FB5BF6-0C7F-431F-912C-E82F99B76ADF}.Release|Any CPU.ActiveCfg = Release|Any CPU
		{26FB5BF6-0C7F-431F-912C-E82F99B76ADF}.Release|Any CPU.Build.0 = Release|Any CPU
		{C382C4B8-5836-4163-9F52-078A02B13304}.Debug|Any CPU.ActiveCfg = Debug|Any CPU
		{C382C4B8-5836-4163-9F52-078A02B13304}.Debug|Any CPU.Build.0 = Debug|Any CPU
		{C382C4B8-5836-4163-9F52-078A02B13304}.Release|Any CPU.ActiveCfg = Release|Any CPU
		{C382C4B8-5836-4163-9F52-078A02B13304}.Release|Any CPU.Build.0 = Release|Any CPU
		{75E89B4C-E2A1-4A97-807C-9208F8C15B11}.Debug|Any CPU.ActiveCfg = Debug|Any CPU
		{75E89B4C-E2A1-4A97-807C-9208F8C15B11}.Debug|Any CPU.Build.0 = Debug|Any CPU
		{75E89B4C-E2A1-4A97-807C-9208F8C15B11}.Release|Any CPU.ActiveCfg = Release|Any CPU
		{75E89B4C-E2A1-4A97-807C-9208F8C15B11}.Release|Any CPU.Build.0 = Release|Any CPU
		{A5BC9A91-E4DB-4400-91B2-DB0015014D3C}.Debug|Any CPU.ActiveCfg = Debug|Any CPU
		{A5BC9A91-E4DB-4400-91B2-DB0015014D3C}.Debug|Any CPU.Build.0 = Debug|Any CPU
		{A5BC9A91-E4DB-4400-91B2-DB0015014D3C}.Release|Any CPU.ActiveCfg = Release|Any CPU
		{A5BC9A91-E4DB-4400-91B2-DB0015014D3C}.Release|Any CPU.Build.0 = Release|Any CPU
		{FACCB106-E4D8-45DB-94DC-A03765BA179E}.Debug|Any CPU.ActiveCfg = Debug|Any CPU
		{FACCB106-E4D8-45DB-94DC-A03765BA179E}.Debug|Any CPU.Build.0 = Debug|Any CPU
		{FACCB106-E4D8-45DB-94DC-A03765BA179E}.Release|Any CPU.ActiveCfg = Release|Any CPU
		{FACCB106-E4D8-45DB-94DC-A03765BA179E}.Release|Any CPU.Build.0 = Release|Any CPU
		{3366F42A-C1A4-4E2C-A014-9C894128D619}.Debug|Any CPU.ActiveCfg = Debug|Any CPU
		{3366F42A-C1A4-4E2C-A014-9C894128D619}.Debug|Any CPU.Build.0 = Debug|Any CPU
		{3366F42A-C1A4-4E2C-A014-9C894128D619}.Release|Any CPU.ActiveCfg = Release|Any CPU
		{3366F42A-C1A4-4E2C-A014-9C894128D619}.Release|Any CPU.Build.0 = Release|Any CPU
		{20C1B6D0-169A-48B7-AADD-9195AF4ACDA0}.Debug|Any CPU.ActiveCfg = Debug|Any CPU
		{20C1B6D0-169A-48B7-AADD-9195AF4ACDA0}.Debug|Any CPU.Build.0 = Debug|Any CPU
		{20C1B6D0-169A-48B7-AADD-9195AF4ACDA0}.Release|Any CPU.ActiveCfg = Release|Any CPU
		{20C1B6D0-169A-48B7-AADD-9195AF4ACDA0}.Release|Any CPU.Build.0 = Release|Any CPU
		{6059F850-42FB-4290-8D70-C802C8A79C6A}.Debug|Any CPU.ActiveCfg = Debug|Any CPU
		{6059F850-42FB-4290-8D70-C802C8A79C6A}.Debug|Any CPU.Build.0 = Debug|Any CPU
		{6059F850-42FB-4290-8D70-C802C8A79C6A}.Release|Any CPU.ActiveCfg = Release|Any CPU
		{6059F850-42FB-4290-8D70-C802C8A79C6A}.Release|Any CPU.Build.0 = Release|Any CPU
		{68BFC339-7680-40D8-B9CE-08BF24A8A14A}.Debug|Any CPU.ActiveCfg = Debug|Any CPU
		{68BFC339-7680-40D8-B9CE-08BF24A8A14A}.Debug|Any CPU.Build.0 = Debug|Any CPU
		{68BFC339-7680-40D8-B9CE-08BF24A8A14A}.Release|Any CPU.ActiveCfg = Release|Any CPU
		{68BFC339-7680-40D8-B9CE-08BF24A8A14A}.Release|Any CPU.Build.0 = Release|Any CPU
		{D9DB8BD1-B40A-41BE-97CE-39F773730377}.Debug|Any CPU.ActiveCfg = Debug|Any CPU
		{D9DB8BD1-B40A-41BE-97CE-39F773730377}.Debug|Any CPU.Build.0 = Debug|Any CPU
		{D9DB8BD1-B40A-41BE-97CE-39F773730377}.Release|Any CPU.ActiveCfg = Release|Any CPU
		{D9DB8BD1-B40A-41BE-97CE-39F773730377}.Release|Any CPU.Build.0 = Release|Any CPU
		{2FAE132F-1B44-4352-AEAD-E25238E4FFE4}.Debug|Any CPU.ActiveCfg = Debug|Any CPU
		{2FAE132F-1B44-4352-AEAD-E25238E4FFE4}.Debug|Any CPU.Build.0 = Debug|Any CPU
		{2FAE132F-1B44-4352-AEAD-E25238E4FFE4}.Release|Any CPU.ActiveCfg = Release|Any CPU
		{2FAE132F-1B44-4352-AEAD-E25238E4FFE4}.Release|Any CPU.Build.0 = Release|Any CPU
		{3A947BE4-F5A4-4A06-AD72-ECFD2542BEEA}.Debug|Any CPU.ActiveCfg = Debug|Any CPU
		{3A947BE4-F5A4-4A06-AD72-ECFD2542BEEA}.Debug|Any CPU.Build.0 = Debug|Any CPU
		{3A947BE4-F5A4-4A06-AD72-ECFD2542BEEA}.Release|Any CPU.ActiveCfg = Release|Any CPU
		{3A947BE4-F5A4-4A06-AD72-ECFD2542BEEA}.Release|Any CPU.Build.0 = Release|Any CPU
		{A97E2508-9E62-4A9D-9BB5-8E986C16BA41}.Debug|Any CPU.ActiveCfg = Debug|Any CPU
		{A97E2508-9E62-4A9D-9BB5-8E986C16BA41}.Debug|Any CPU.Build.0 = Debug|Any CPU
		{A97E2508-9E62-4A9D-9BB5-8E986C16BA41}.Release|Any CPU.ActiveCfg = Release|Any CPU
		{A97E2508-9E62-4A9D-9BB5-8E986C16BA41}.Release|Any CPU.Build.0 = Release|Any CPU
		{FBA5AD26-2C39-45AA-BB9B-90BB38CF745D}.Debug|Any CPU.ActiveCfg = Debug|Any CPU
		{FBA5AD26-2C39-45AA-BB9B-90BB38CF745D}.Debug|Any CPU.Build.0 = Debug|Any CPU
		{FBA5AD26-2C39-45AA-BB9B-90BB38CF745D}.Release|Any CPU.ActiveCfg = Release|Any CPU
		{FBA5AD26-2C39-45AA-BB9B-90BB38CF745D}.Release|Any CPU.Build.0 = Release|Any CPU
		{7BA49E10-5C56-431C-9349-C7CD68C7D58D}.Debug|Any CPU.ActiveCfg = Debug|Any CPU
		{7BA49E10-5C56-431C-9349-C7CD68C7D58D}.Debug|Any CPU.Build.0 = Debug|Any CPU
		{7BA49E10-5C56-431C-9349-C7CD68C7D58D}.Release|Any CPU.ActiveCfg = Release|Any CPU
		{7BA49E10-5C56-431C-9349-C7CD68C7D58D}.Release|Any CPU.Build.0 = Release|Any CPU
		{8134787C-8133-4D4F-8CCE-4E1A0D6FFDFB}.Debug|Any CPU.ActiveCfg = Debug|Any CPU
		{8134787C-8133-4D4F-8CCE-4E1A0D6FFDFB}.Debug|Any CPU.Build.0 = Debug|Any CPU
		{8134787C-8133-4D4F-8CCE-4E1A0D6FFDFB}.Release|Any CPU.ActiveCfg = Release|Any CPU
		{8134787C-8133-4D4F-8CCE-4E1A0D6FFDFB}.Release|Any CPU.Build.0 = Release|Any CPU
		{102BE8A3-62FC-49E6-8614-D78A6F2861CA}.Debug|Any CPU.ActiveCfg = Debug|Any CPU
		{102BE8A3-62FC-49E6-8614-D78A6F2861CA}.Debug|Any CPU.Build.0 = Debug|Any CPU
		{102BE8A3-62FC-49E6-8614-D78A6F2861CA}.Release|Any CPU.ActiveCfg = Release|Any CPU
		{102BE8A3-62FC-49E6-8614-D78A6F2861CA}.Release|Any CPU.Build.0 = Release|Any CPU
		{C132E7B2-80FE-4C1B-B84D-7C0492593049}.Debug|Any CPU.ActiveCfg = Debug|Any CPU
		{C132E7B2-80FE-4C1B-B84D-7C0492593049}.Debug|Any CPU.Build.0 = Debug|Any CPU
		{C132E7B2-80FE-4C1B-B84D-7C0492593049}.Release|Any CPU.ActiveCfg = Release|Any CPU
		{C132E7B2-80FE-4C1B-B84D-7C0492593049}.Release|Any CPU.Build.0 = Release|Any CPU
		{BFDCEA0E-DFEF-438D-9811-7BDF34065F67}.Debug|Any CPU.ActiveCfg = Debug|Any CPU
		{BFDCEA0E-DFEF-438D-9811-7BDF34065F67}.Debug|Any CPU.Build.0 = Debug|Any CPU
		{BFDCEA0E-DFEF-438D-9811-7BDF34065F67}.Release|Any CPU.ActiveCfg = Release|Any CPU
		{BFDCEA0E-DFEF-438D-9811-7BDF34065F67}.Release|Any CPU.Build.0 = Release|Any CPU
		{E2DFCEDD-63B8-4EC8-8054-1DF2AEE67F68}.Debug|Any CPU.ActiveCfg = Debug|Any CPU
		{E2DFCEDD-63B8-4EC8-8054-1DF2AEE67F68}.Debug|Any CPU.Build.0 = Debug|Any CPU
		{E2DFCEDD-63B8-4EC8-8054-1DF2AEE67F68}.Release|Any CPU.ActiveCfg = Release|Any CPU
		{E2DFCEDD-63B8-4EC8-8054-1DF2AEE67F68}.Release|Any CPU.Build.0 = Release|Any CPU
		{3EDF454D-34D8-4DF7-92F2-B3B45439855A}.Debug|Any CPU.ActiveCfg = Debug|Any CPU
		{3EDF454D-34D8-4DF7-92F2-B3B45439855A}.Debug|Any CPU.Build.0 = Debug|Any CPU
		{3EDF454D-34D8-4DF7-92F2-B3B45439855A}.Release|Any CPU.ActiveCfg = Release|Any CPU
		{3EDF454D-34D8-4DF7-92F2-B3B45439855A}.Release|Any CPU.Build.0 = Release|Any CPU
		{61432872-718F-4AD0-9623-63103E0B4BA8}.Debug|Any CPU.ActiveCfg = Debug|Any CPU
		{61432872-718F-4AD0-9623-63103E0B4BA8}.Debug|Any CPU.Build.0 = Debug|Any CPU
		{61432872-718F-4AD0-9623-63103E0B4BA8}.Release|Any CPU.ActiveCfg = Release|Any CPU
		{61432872-718F-4AD0-9623-63103E0B4BA8}.Release|Any CPU.Build.0 = Release|Any CPU
		{BC84F455-A1E8-4008-B2D3-02FBD0B0DB76}.Debug|Any CPU.ActiveCfg = Debug|Any CPU
		{BC84F455-A1E8-4008-B2D3-02FBD0B0DB76}.Debug|Any CPU.Build.0 = Debug|Any CPU
		{BC84F455-A1E8-4008-B2D3-02FBD0B0DB76}.Release|Any CPU.ActiveCfg = Release|Any CPU
		{BC84F455-A1E8-4008-B2D3-02FBD0B0DB76}.Release|Any CPU.Build.0 = Release|Any CPU
	EndGlobalSection
	GlobalSection(SolutionProperties) = preSolution
		HideSolutionNode = FALSE
	EndGlobalSection
	GlobalSection(NestedProjects) = preSolution
		{6AC9226D-A957-48FB-9A60-51120B05E7BA} = {2C65704D-36A3-470E-9B67-F0C08C0C89AE}
		{26FB5BF6-0C7F-431F-912C-E82F99B76ADF} = {2C65704D-36A3-470E-9B67-F0C08C0C89AE}
		{C382C4B8-5836-4163-9F52-078A02B13304} = {2C65704D-36A3-470E-9B67-F0C08C0C89AE}
		{75E89B4C-E2A1-4A97-807C-9208F8C15B11} = {A626FF86-DA2E-4243-A0AC-FAC32E8D399E}
		{A5BC9A91-E4DB-4400-91B2-DB0015014D3C} = {A626FF86-DA2E-4243-A0AC-FAC32E8D399E}
		{FACCB106-E4D8-45DB-94DC-A03765BA179E} = {A626FF86-DA2E-4243-A0AC-FAC32E8D399E}
		{3366F42A-C1A4-4E2C-A014-9C894128D619} = {D4C3FC8E-FE02-4951-BE1D-7679F35D3BDD}
		{20C1B6D0-169A-48B7-AADD-9195AF4ACDA0} = {D4C3FC8E-FE02-4951-BE1D-7679F35D3BDD}
		{6059F850-42FB-4290-8D70-C802C8A79C6A} = {D4C3FC8E-FE02-4951-BE1D-7679F35D3BDD}
		{68BFC339-7680-40D8-B9CE-08BF24A8A14A} = {7F15CC12-B41A-431C-89E9-4FE8CAC979E6}
		{D9DB8BD1-B40A-41BE-97CE-39F773730377} = {7F15CC12-B41A-431C-89E9-4FE8CAC979E6}
		{2FAE132F-1B44-4352-AEAD-E25238E4FFE4} = {7F15CC12-B41A-431C-89E9-4FE8CAC979E6}
		{3A947BE4-F5A4-4A06-AD72-ECFD2542BEEA} = {87CEA19A-B4C3-4A36-BF8E-50A9D47FAB80}
		{A97E2508-9E62-4A9D-9BB5-8E986C16BA41} = {87CEA19A-B4C3-4A36-BF8E-50A9D47FAB80}
		{FBA5AD26-2C39-45AA-BB9B-90BB38CF745D} = {87CEA19A-B4C3-4A36-BF8E-50A9D47FAB80}
		{7BA49E10-5C56-431C-9349-C7CD68C7D58D} = {0E99C700-4149-4E2B-87EF-010520D09E1B}
		{8134787C-8133-4D4F-8CCE-4E1A0D6FFDFB} = {0E99C700-4149-4E2B-87EF-010520D09E1B}
		{102BE8A3-62FC-49E6-8614-D78A6F2861CA} = {0E99C700-4149-4E2B-87EF-010520D09E1B}
		{C132E7B2-80FE-4C1B-B84D-7C0492593049} = {04EA1BA8-5172-458B-85E4-177AD8B224DC}
		{BFDCEA0E-DFEF-438D-9811-7BDF34065F67} = {04EA1BA8-5172-458B-85E4-177AD8B224DC}
		{E2DFCEDD-63B8-4EC8-8054-1DF2AEE67F68} = {04EA1BA8-5172-458B-85E4-177AD8B224DC}
		{3EDF454D-34D8-4DF7-92F2-B3B45439855A} = {90A01219-1648-403B-B363-DC787101E5EC}
		{61432872-718F-4AD0-9623-63103E0B4BA8} = {90A01219-1648-403B-B363-DC787101E5EC}
		{BC84F455-A1E8-4008-B2D3-02FBD0B0DB76} = {90A01219-1648-403B-B363-DC787101E5EC}
	EndGlobalSection
EndGlobal
